{
  "name": "formulario",
  "version": "1.0.0",
  "lockfileVersion": 2,
  "requires": true,
  "packages": {
    "": {
      "name": "formulario",
      "version": "1.0.0",
      "license": "ISC",
      "dependencies": {
        "address": "^1.2.1"
      }
    },
    "node_modules/address": {
      "version": "1.2.1",
      "resolved": "https://registry.npmjs.org/address/-/address-1.2.1.tgz",
      "integrity": "sha512-B+6bi5D34+fDYENiH5qOlA0cV2rAGKuWZ9LeyUUehbXy8e0VS9e498yO0Jeeh+iM+6KbfudHTFjXw2MmJD4QRA==",
      "engines": {
        "node": ">= 10.0.0"
      }
    }
  },
  "dependencies": {
    "address": {
      "version": "1.2.1",
      "resolved": "https://registry.npmjs.org/address/-/address-1.2.1.tgz",
      "integrity": "sha512-B+6bi5D34+fDYENiH5qOlA0cV2rAGKuWZ9LeyUUehbXy8e0VS9e498yO0Jeeh+iM+6KbfudHTFjXw2MmJD4QRA=="
    }
  }
}
